
Microsoft Visual Studio Solution File, Format Version 12.00
# Visual Studio Version 16
VisualStudioVersion = 16.0.32630.194
MinimumVisualStudioVersion = 10.0.40219.1
Project("{FAE04EC0-301F-11D3-BF4B-00C04F79EFBC}") = "quadrantes", "quadrantes\quadrantes.csproj", "{DE55F195-A87E-490E-95CF-2D438E8F6847}"
EndProject
Global
	GlobalSection(SolutionConfigurationPlatforms) = preSolution
		Debug|Any CPU = Debug|Any CPU
		Release|Any CPU = Release|Any CPU
	EndGlobalSection
	GlobalSection(ProjectConfigurationPlatforms) = postSolution
		{DE55F195-A87E-490E-95CF-2D438E8F6847}.Debug|Any CPU.ActiveCfg = Debug|Any CPU
		{DE55F195-A87E-490E-95CF-2D438E8F6847}.Debug|Any CPU.Build.0 = Debug|Any CPU
		{DE55F195-A87E-490E-95CF-2D438E8F6847}.Release|Any CPU.ActiveCfg = Release|Any CPU
		{DE55F195-A87E-490E-95CF-2D438E8F6847}.Release|Any CPU.Build.0 = Release|Any CPU
	EndGlobalSection
	GlobalSection(SolutionProperties) = preSolution
		HideSolutionNode = FALSE
	EndGlobalSection
	GlobalSection(ExtensibilityGlobals) = postSolution
		SolutionGuid = {8F5A3423-B4CD-4383-99C9-23D77DCD5EDE}
	EndGlobalSection
EndGlobal
