
Microsoft Visual Studio Solution File, Format Version 12.00
# Visual Studio Version 16
VisualStudioVersion = 16.0.32630.194
MinimumVisualStudioVersion = 10.0.40219.1
Project("{FAE04EC0-301F-11D3-BF4B-00C04F79EFBC}") = "exDesconto", "exDesconto\exDesconto.csproj", "{3083EAF3-15BF-4FD4-BFC4-FDDBAC75B2FB}"
EndProject
Global
	GlobalSection(SolutionConfigurationPlatforms) = preSolution
		Debug|Any CPU = Debug|Any CPU
		Release|Any CPU = Release|Any CPU
	EndGlobalSection
	GlobalSection(ProjectConfigurationPlatforms) = postSolution
		{3083EAF3-15BF-4FD4-BFC4-FDDBAC75B2FB}.Debug|Any CPU.ActiveCfg = Debug|Any CPU
		{3083EAF3-15BF-4FD4-BFC4-FDDBAC75B2FB}.Debug|Any CPU.Build.0 = Debug|Any CPU
		{3083EAF3-15BF-4FD4-BFC4-FDDBAC75B2FB}.Release|Any CPU.ActiveCfg = Release|Any CPU
		{3083EAF3-15BF-4FD4-BFC4-FDDBAC75B2FB}.Release|Any CPU.Build.0 = Release|Any CPU
	EndGlobalSection
	GlobalSection(SolutionProperties) = preSolution
		HideSolutionNode = FALSE
	EndGlobalSection
	GlobalSection(ExtensibilityGlobals) = postSolution
		SolutionGuid = {8D33E652-C16E-486F-ACB1-D85ABABC9990}
	EndGlobalSection
EndGlobal
