
Microsoft Visual Studio Solution File, Format Version 12.00
# Visual Studio Version 16
VisualStudioVersion = 16.0.32630.194
MinimumVisualStudioVersion = 10.0.40219.1
Project("{FAE04EC0-301F-11D3-BF4B-00C04F79EFBC}") = "negativoOuNao", "negativoOuNao\negativoOuNao.csproj", "{80A45316-A3B6-4164-98B3-A7A835D4FB1A}"
EndProject
Global
	GlobalSection(SolutionConfigurationPlatforms) = preSolution
		Debug|Any CPU = Debug|Any CPU
		Release|Any CPU = Release|Any CPU
	EndGlobalSection
	GlobalSection(ProjectConfigurationPlatforms) = postSolution
		{80A45316-A3B6-4164-98B3-A7A835D4FB1A}.Debug|Any CPU.ActiveCfg = Debug|Any CPU
		{80A45316-A3B6-4164-98B3-A7A835D4FB1A}.Debug|Any CPU.Build.0 = Debug|Any CPU
		{80A45316-A3B6-4164-98B3-A7A835D4FB1A}.Release|Any CPU.ActiveCfg = Release|Any CPU
		{80A45316-A3B6-4164-98B3-A7A835D4FB1A}.Release|Any CPU.Build.0 = Release|Any CPU
	EndGlobalSection
	GlobalSection(SolutionProperties) = preSolution
		HideSolutionNode = FALSE
	EndGlobalSection
	GlobalSection(ExtensibilityGlobals) = postSolution
		SolutionGuid = {943960A0-E5DB-493E-B0DB-CCA8A3902ED6}
	EndGlobalSection
EndGlobal
