
Microsoft Visual Studio Solution File, Format Version 12.00
# Visual Studio Version 16
VisualStudioVersion = 16.0.32630.194
MinimumVisualStudioVersion = 10.0.40219.1
Project("{FAE04EC0-301F-11D3-BF4B-00C04F79EFBC}") = "exercicio6", "exercicio6\exercicio6.csproj", "{7793CE5E-15F3-4207-8EB2-63BF864D3E4E}"
EndProject
Global
	GlobalSection(SolutionConfigurationPlatforms) = preSolution
		Debug|Any CPU = Debug|Any CPU
		Release|Any CPU = Release|Any CPU
	EndGlobalSection
	GlobalSection(ProjectConfigurationPlatforms) = postSolution
		{7793CE5E-15F3-4207-8EB2-63BF864D3E4E}.Debug|Any CPU.ActiveCfg = Debug|Any CPU
		{7793CE5E-15F3-4207-8EB2-63BF864D3E4E}.Debug|Any CPU.Build.0 = Debug|Any CPU
		{7793CE5E-15F3-4207-8EB2-63BF864D3E4E}.Release|Any CPU.ActiveCfg = Release|Any CPU
		{7793CE5E-15F3-4207-8EB2-63BF864D3E4E}.Release|Any CPU.Build.0 = Release|Any CPU
	EndGlobalSection
	GlobalSection(SolutionProperties) = preSolution
		HideSolutionNode = FALSE
	EndGlobalSection
	GlobalSection(ExtensibilityGlobals) = postSolution
		SolutionGuid = {7D3EA4FC-02D2-4F26-9243-846D0BD28421}
	EndGlobalSection
EndGlobal
