
Microsoft Visual Studio Solution File, Format Version 12.00
# Visual Studio Version 16
VisualStudioVersion = 16.0.32630.194
MinimumVisualStudioVersion = 10.0.40219.1
Project("{FAE04EC0-301F-11D3-BF4B-00C04F79EFBC}") = "estruturaFor", "estruturaFor\estruturaFor.csproj", "{879A5721-63D3-464C-AD55-531D047CD5BD}"
EndProject
Global
	GlobalSection(SolutionConfigurationPlatforms) = preSolution
		Debug|Any CPU = Debug|Any CPU
		Release|Any CPU = Release|Any CPU
	EndGlobalSection
	GlobalSection(ProjectConfigurationPlatforms) = postSolution
		{879A5721-63D3-464C-AD55-531D047CD5BD}.Debug|Any CPU.ActiveCfg = Debug|Any CPU
		{879A5721-63D3-464C-AD55-531D047CD5BD}.Debug|Any CPU.Build.0 = Debug|Any CPU
		{879A5721-63D3-464C-AD55-531D047CD5BD}.Release|Any CPU.ActiveCfg = Release|Any CPU
		{879A5721-63D3-464C-AD55-531D047CD5BD}.Release|Any CPU.Build.0 = Release|Any CPU
	EndGlobalSection
	GlobalSection(SolutionProperties) = preSolution
		HideSolutionNode = FALSE
	EndGlobalSection
	GlobalSection(ExtensibilityGlobals) = postSolution
		SolutionGuid = {DD9357FD-8822-4EDB-830E-8CDFBE3BE9F8}
	EndGlobalSection
EndGlobal
