
Microsoft Visual Studio Solution File, Format Version 12.00
# Visual Studio Version 16
VisualStudioVersion = 16.0.32630.194
MinimumVisualStudioVersion = 10.0.40219.1
Project("{FAE04EC0-301F-11D3-BF4B-00C04F79EFBC}") = "while", "while\while.csproj", "{CF58DA70-45EC-4E3C-AEEC-45148E87ECB6}"
EndProject
Global
	GlobalSection(SolutionConfigurationPlatforms) = preSolution
		Debug|Any CPU = Debug|Any CPU
		Release|Any CPU = Release|Any CPU
	EndGlobalSection
	GlobalSection(ProjectConfigurationPlatforms) = postSolution
		{CF58DA70-45EC-4E3C-AEEC-45148E87ECB6}.Debug|Any CPU.ActiveCfg = Debug|Any CPU
		{CF58DA70-45EC-4E3C-AEEC-45148E87ECB6}.Debug|Any CPU.Build.0 = Debug|Any CPU
		{CF58DA70-45EC-4E3C-AEEC-45148E87ECB6}.Release|Any CPU.ActiveCfg = Release|Any CPU
		{CF58DA70-45EC-4E3C-AEEC-45148E87ECB6}.Release|Any CPU.Build.0 = Release|Any CPU
	EndGlobalSection
	GlobalSection(SolutionProperties) = preSolution
		HideSolutionNode = FALSE
	EndGlobalSection
	GlobalSection(ExtensibilityGlobals) = postSolution
		SolutionGuid = {F60E0E75-423F-40FE-AF51-CDEBF4659970}
	EndGlobalSection
EndGlobal
