
Microsoft Visual Studio Solution File, Format Version 12.00
# Visual Studio Version 16
VisualStudioVersion = 16.0.32630.194
MinimumVisualStudioVersion = 10.0.40219.1
Project("{FAE04EC0-301F-11D3-BF4B-00C04F79EFBC}") = "operadoresComparativos", "operadoresComparativos\operadoresComparativos.csproj", "{E281A715-AA28-459A-956A-60CD828B2C29}"
EndProject
Global
	GlobalSection(SolutionConfigurationPlatforms) = preSolution
		Debug|Any CPU = Debug|Any CPU
		Release|Any CPU = Release|Any CPU
	EndGlobalSection
	GlobalSection(ProjectConfigurationPlatforms) = postSolution
		{E281A715-AA28-459A-956A-60CD828B2C29}.Debug|Any CPU.ActiveCfg = Debug|Any CPU
		{E281A715-AA28-459A-956A-60CD828B2C29}.Debug|Any CPU.Build.0 = Debug|Any CPU
		{E281A715-AA28-459A-956A-60CD828B2C29}.Release|Any CPU.ActiveCfg = Release|Any CPU
		{E281A715-AA28-459A-956A-60CD828B2C29}.Release|Any CPU.Build.0 = Release|Any CPU
	EndGlobalSection
	GlobalSection(SolutionProperties) = preSolution
		HideSolutionNode = FALSE
	EndGlobalSection
	GlobalSection(ExtensibilityGlobals) = postSolution
		SolutionGuid = {6D65C871-9D10-4A42-864E-8DFDC6694DBD}
	EndGlobalSection
EndGlobal
